
Microsoft Visual Studio Solution File, Format Version 12.00
# Visual Studio Version 16
VisualStudioVersion = 16.0.29318.209
MinimumVisualStudioVersion = 10.0.40219.1
Project("{FAE04EC0-301F-11D3-BF4B-00C04F79EFBC}") = "NetWebApi", "NetWebApi\NetWebApi.csproj", "{201A723F-E061-46D4-B799-63CE6CC4B546}"
EndProject
Project("{9A19103F-16F7-4668-BE54-9A1E7A4F7556}") = "CoreWebClient", "CoreWebClient\CoreWebClient.csproj", "{C2794954-68A3-415C-8CD1-83B2FC4DC0C1}"
EndProject
Project("{9A19103F-16F7-4668-BE54-9A1E7A4F7556}") = "LibraryNetFrameworkToMigrate", "LibraryNetFrameworkToMigrate\LibraryNetFrameworkToMigrate.csproj", "{8BFD1BDB-2F1E-459A-AB54-523A71296BB5}"
EndProject
Project("{FAE04EC0-301F-11D3-BF4B-00C04F79EFBC}") = "ClientOfLibraryNetFrameworkToMigrate", "ClientOfLibraryNetFrameworkToMigrate\ClientOfLibraryNetFrameworkToMigrate.csproj", "{9EF1433C-E681-4668-9E59-43864555EC9C}"
EndProject
Project("{FAE04EC0-301F-11D3-BF4B-00C04F79EFBC}") = "LibraryNetFrameworkToMigrate.Data", "LibraryNetFrameworkToMigrate.Data\LibraryNetFrameworkToMigrate.Data.csproj", "{3C9FE304-B62C-4828-94C0-5BFAF248E1F6}"
EndProject
Project("{9A19103F-16F7-4668-BE54-9A1E7A4F7556}") = "CoreWebApi", "CoreWebApi\CoreWebApi.csproj", "{5BBAAEFA-3C48-4ECA-8CF1-14E720ABF2D3}"
EndProject
Project("{9A19103F-16F7-4668-BE54-9A1E7A4F7556}") = "CoreAppParaComAndWwDotNetBridge", "CoreAppParaComAndWwDotNetBridge\CoreAppParaComAndWwDotNetBridge.csproj", "{36907949-9F04-4B90-B9E1-A6249EEECC40}"
EndProject
Project("{9A19103F-16F7-4668-BE54-9A1E7A4F7556}") = "StdAppParaComAndWwDotNetBridge", "StdAppParaComAndWwDotNetBridge\StdAppParaComAndWwDotNetBridge.csproj", "{CC2D2C01-0F41-443B-AE6F-68AE454138E0}"
EndProject
Project("{FAE04EC0-301F-11D3-BF4B-00C04F79EFBC}") = "CoreWebApi2", "CoreWebApi2\CoreWebApi2.csproj", "{545ED236-DC2F-4551-9B17-D23857E4CC5E}"
EndProject
Global
	GlobalSection(SolutionConfigurationPlatforms) = preSolution
		Debug|Any CPU = Debug|Any CPU
		Debug|x86 = Debug|x86
		Release|Any CPU = Release|Any CPU
		Release|x86 = Release|x86
	EndGlobalSection
	GlobalSection(ProjectConfigurationPlatforms) = postSolution
		{201A723F-E061-46D4-B799-63CE6CC4B546}.Debug|Any CPU.ActiveCfg = Debug|Any CPU
		{201A723F-E061-46D4-B799-63CE6CC4B546}.Debug|Any CPU.Build.0 = Debug|Any CPU
		{201A723F-E061-46D4-B799-63CE6CC4B546}.Debug|x86.ActiveCfg = Debug|x86
		{201A723F-E061-46D4-B799-63CE6CC4B546}.Debug|x86.Build.0 = Debug|x86
		{201A723F-E061-46D4-B799-63CE6CC4B546}.Release|Any CPU.ActiveCfg = Release|Any CPU
		{201A723F-E061-46D4-B799-63CE6CC4B546}.Release|Any CPU.Build.0 = Release|Any CPU
		{201A723F-E061-46D4-B799-63CE6CC4B546}.Release|x86.ActiveCfg = Release|x86
		{201A723F-E061-46D4-B799-63CE6CC4B546}.Release|x86.Build.0 = Release|x86
		{C2794954-68A3-415C-8CD1-83B2FC4DC0C1}.Debug|Any CPU.ActiveCfg = Debug|Any CPU
		{C2794954-68A3-415C-8CD1-83B2FC4DC0C1}.Debug|Any CPU.Build.0 = Debug|Any CPU
		{C2794954-68A3-415C-8CD1-83B2FC4DC0C1}.Debug|x86.ActiveCfg = Debug|x86
		{C2794954-68A3-415C-8CD1-83B2FC4DC0C1}.Debug|x86.Build.0 = Debug|x86
		{C2794954-68A3-415C-8CD1-83B2FC4DC0C1}.Release|Any CPU.ActiveCfg = Release|Any CPU
		{C2794954-68A3-415C-8CD1-83B2FC4DC0C1}.Release|Any CPU.Build.0 = Release|Any CPU
		{C2794954-68A3-415C-8CD1-83B2FC4DC0C1}.Release|x86.ActiveCfg = Release|x86
		{C2794954-68A3-415C-8CD1-83B2FC4DC0C1}.Release|x86.Build.0 = Release|x86
		{8BFD1BDB-2F1E-459A-AB54-523A71296BB5}.Debug|Any CPU.ActiveCfg = Debug|Any CPU
		{8BFD1BDB-2F1E-459A-AB54-523A71296BB5}.Debug|Any CPU.Build.0 = Debug|Any CPU
		{8BFD1BDB-2F1E-459A-AB54-523A71296BB5}.Debug|x86.ActiveCfg = Debug|x86
		{8BFD1BDB-2F1E-459A-AB54-523A71296BB5}.Debug|x86.Build.0 = Debug|x86
		{8BFD1BDB-2F1E-459A-AB54-523A71296BB5}.Release|Any CPU.ActiveCfg = Release|Any CPU
		{8BFD1BDB-2F1E-459A-AB54-523A71296BB5}.Release|Any CPU.Build.0 = Release|Any CPU
		{8BFD1BDB-2F1E-459A-AB54-523A71296BB5}.Release|x86.ActiveCfg = Release|x86
		{8BFD1BDB-2F1E-459A-AB54-523A71296BB5}.Release|x86.Build.0 = Release|x86
		{9EF1433C-E681-4668-9E59-43864555EC9C}.Debug|Any CPU.ActiveCfg = Debug|Any CPU
		{9EF1433C-E681-4668-9E59-43864555EC9C}.Debug|Any CPU.Build.0 = Debug|Any CPU
		{9EF1433C-E681-4668-9E59-43864555EC9C}.Debug|x86.ActiveCfg = Debug|x86
		{9EF1433C-E681-4668-9E59-43864555EC9C}.Debug|x86.Build.0 = Debug|x86
		{9EF1433C-E681-4668-9E59-43864555EC9C}.Release|Any CPU.ActiveCfg = Release|Any CPU
		{9EF1433C-E681-4668-9E59-43864555EC9C}.Release|Any CPU.Build.0 = Release|Any CPU
		{9EF1433C-E681-4668-9E59-43864555EC9C}.Release|x86.ActiveCfg = Release|x86
		{9EF1433C-E681-4668-9E59-43864555EC9C}.Release|x86.Build.0 = Release|x86
		{3C9FE304-B62C-4828-94C0-5BFAF248E1F6}.Debug|Any CPU.ActiveCfg = Debug|Any CPU
		{3C9FE304-B62C-4828-94C0-5BFAF248E1F6}.Debug|Any CPU.Build.0 = Debug|Any CPU
		{3C9FE304-B62C-4828-94C0-5BFAF248E1F6}.Debug|x86.ActiveCfg = Debug|x86
		{3C9FE304-B62C-4828-94C0-5BFAF248E1F6}.Debug|x86.Build.0 = Debug|x86
		{3C9FE304-B62C-4828-94C0-5BFAF248E1F6}.Release|Any CPU.ActiveCfg = Release|Any CPU
		{3C9FE304-B62C-4828-94C0-5BFAF248E1F6}.Release|Any CPU.Build.0 = Release|Any CPU
		{3C9FE304-B62C-4828-94C0-5BFAF248E1F6}.Release|x86.ActiveCfg = Release|x86
		{3C9FE304-B62C-4828-94C0-5BFAF248E1F6}.Release|x86.Build.0 = Release|x86
		{5BBAAEFA-3C48-4ECA-8CF1-14E720ABF2D3}.Debug|Any CPU.ActiveCfg = Debug|Any CPU
		{5BBAAEFA-3C48-4ECA-8CF1-14E720ABF2D3}.Debug|Any CPU.Build.0 = Debug|Any CPU
		{5BBAAEFA-3C48-4ECA-8CF1-14E720ABF2D3}.Debug|x86.ActiveCfg = Debug|Any CPU
		{5BBAAEFA-3C48-4ECA-8CF1-14E720ABF2D3}.Debug|x86.Build.0 = Debug|Any CPU
		{5BBAAEFA-3C48-4ECA-8CF1-14E720ABF2D3}.Release|Any CPU.ActiveCfg = Release|Any CPU
		{5BBAAEFA-3C48-4ECA-8CF1-14E720ABF2D3}.Release|Any CPU.Build.0 = Release|Any CPU
		{5BBAAEFA-3C48-4ECA-8CF1-14E720ABF2D3}.Release|x86.ActiveCfg = Release|Any CPU
		{5BBAAEFA-3C48-4ECA-8CF1-14E720ABF2D3}.Release|x86.Build.0 = Release|Any CPU
		{36907949-9F04-4B90-B9E1-A6249EEECC40}.Debug|Any CPU.ActiveCfg = Debug|Any CPU
		{36907949-9F04-4B90-B9E1-A6249EEECC40}.Debug|Any CPU.Build.0 = Debug|Any CPU
		{36907949-9F04-4B90-B9E1-A6249EEECC40}.Debug|x86.ActiveCfg = Debug|Any CPU
		{36907949-9F04-4B90-B9E1-A6249EEECC40}.Debug|x86.Build.0 = Debug|Any CPU
		{36907949-9F04-4B90-B9E1-A6249EEECC40}.Release|Any CPU.ActiveCfg = Release|Any CPU
		{36907949-9F04-4B90-B9E1-A6249EEECC40}.Release|Any CPU.Build.0 = Release|Any CPU
		{36907949-9F04-4B90-B9E1-A6249EEECC40}.Release|x86.ActiveCfg = Release|Any CPU
		{36907949-9F04-4B90-B9E1-A6249EEECC40}.Release|x86.Build.0 = Release|Any CPU
		{CC2D2C01-0F41-443B-AE6F-68AE454138E0}.Debug|Any CPU.ActiveCfg = Debug|Any CPU
		{CC2D2C01-0F41-443B-AE6F-68AE454138E0}.Debug|Any CPU.Build.0 = Debug|Any CPU
		{CC2D2C01-0F41-443B-AE6F-68AE454138E0}.Debug|x86.ActiveCfg = Debug|Any CPU
		{CC2D2C01-0F41-443B-AE6F-68AE454138E0}.Debug|x86.Build.0 = Debug|Any CPU
		{CC2D2C01-0F41-443B-AE6F-68AE454138E0}.Release|Any CPU.ActiveCfg = Release|Any CPU
		{CC2D2C01-0F41-443B-AE6F-68AE454138E0}.Release|Any CPU.Build.0 = Release|Any CPU
		{CC2D2C01-0F41-443B-AE6F-68AE454138E0}.Release|x86.ActiveCfg = Release|Any CPU
		{CC2D2C01-0F41-443B-AE6F-68AE454138E0}.Release|x86.Build.0 = Release|Any CPU
		{545ED236-DC2F-4551-9B17-D23857E4CC5E}.Debug|Any CPU.ActiveCfg = Debug|Any CPU
		{545ED236-DC2F-4551-9B17-D23857E4CC5E}.Debug|Any CPU.Build.0 = Debug|Any CPU
		{545ED236-DC2F-4551-9B17-D23857E4CC5E}.Debug|x86.ActiveCfg = Debug|Any CPU
		{545ED236-DC2F-4551-9B17-D23857E4CC5E}.Debug|x86.Build.0 = Debug|Any CPU
		{545ED236-DC2F-4551-9B17-D23857E4CC5E}.Release|Any CPU.ActiveCfg = Release|Any CPU
		{545ED236-DC2F-4551-9B17-D23857E4CC5E}.Release|Any CPU.Build.0 = Release|Any CPU
		{545ED236-DC2F-4551-9B17-D23857E4CC5E}.Release|x86.ActiveCfg = Release|Any CPU
		{545ED236-DC2F-4551-9B17-D23857E4CC5E}.Release|x86.Build.0 = Release|Any CPU
	EndGlobalSection
	GlobalSection(SolutionProperties) = preSolution
		HideSolutionNode = FALSE
	EndGlobalSection
	GlobalSection(ExtensibilityGlobals) = postSolution
		SolutionGuid = {C99FDE37-8A11-4D8E-B659-5B900D1FDCAE}
	EndGlobalSection
EndGlobal
